
Microsoft Visual Studio Solution File, Format Version 11.00
# Visual Studio 2010
Project("{FAE04EC0-301F-11D3-BF4B-00C04F79EFBC}") = "myfirstwcf", "myfirstwcf\myfirstwcf.csproj", "{70C5E9F6-C66B-49FF-A830-6260FC2AADDE}"
EndProject
Global
	GlobalSection(SolutionConfigurationPlatforms) = preSolution
		Debug|Any CPU = Debug|Any CPU
		Release|Any CPU = Release|Any CPU
	EndGlobalSection
	GlobalSection(ProjectConfigurationPlatforms) = postSolution
		{70C5E9F6-C66B-49FF-A830-6260FC2AADDE}.Debug|Any CPU.ActiveCfg = Debug|Any CPU
		{70C5E9F6-C66B-49FF-A830-6260FC2AADDE}.Debug|Any CPU.Build.0 = Debug|Any CPU
		{70C5E9F6-C66B-49FF-A830-6260FC2AADDE}.Release|Any CPU.ActiveCfg = Release|Any CPU
		{70C5E9F6-C66B-49FF-A830-6260FC2AADDE}.Release|Any CPU.Build.0 = Release|Any CPU
	EndGlobalSection
	GlobalSection(SolutionProperties) = preSolution
		HideSolutionNode = FALSE
	EndGlobalSection
EndGlobal
